github.com/fatih/structs v1.1.0 h1:Q7juDM0QtcnhCpeyLGQKyg4TOIghuNXrkL32pHAUMxo=
github.com/fatih/structs v1.1.0/go.mod h1:9NiDSp5zOcgEDl+j00MP/WkGVPOlPRLejGD8Ga6PJ7M=
github.com/go-kit/kit v0.7.0 h1:ApufNmWF1H6/wUbAG81hZOHmqwd0zRf8mNfLjYj/064=
github.com/go-kit/kit v0.7.0/go.mod h1:xBxKIO96dXMWWy0MnWVtmwkA9/13aqxPnvrjFYMA2as=
github.com/go-logfmt/logfmt v0.3.0 h1:8HUsc87TaSWLKwrnumgC8/YconD2fJQsRJAsWaPg2ic=
github.com/go-logfmt/logfmt v0.3.0/go.mod h1:Qt1PoO58o5twSAckw1HlFXLmHsOX5/0LbT9GBnD5lWE=
github.com/go-stack/stack v1.8.0 h1:5SgMzNM5HxrEjV0ww2lTmX6E2Izsfxas4+YHWRs3Lsk=
github.com/go-stack/stack v1.8.0/go.mod h1:v0f6uXyyMGvRgIKkXu+yp6POWl0qKG85gN/melR3HDY=
github.com/gogo/protobuf v1.1.1 h1:72R+M5VuhED/KujmZVcIquuo8mBgX4oVda//DQb3PXo=
github.com/gogo/protobuf v1.1.1/go.mod h1:r8qH/GZQm5c6nD/R0oafs1akxWv10x8SbQlK7atdtwQ=
github.com/golang/protobuf v1.2.0 h1:P3YflyNX/ehuJFLhxviNdFxQPkGK5cDcApsge1SqnvM=
github.com/golang/protobuf v1.2.0/go.mod h1:6lQm79b+lXiMfvg/cZm0SGofjICqVBUtrP5yJMmIC1U=
github.com/pkg/errors v0.8.0 h1:WdK/asTD0HN+q6hsWO3/vpuAkAr+tw6aNJNDFFf0+qw=
github.com/pkg/errors v0.8.0/go.mod h1:bwawxfHBFNV+L2hUp1rHADufV3IMtnDRdf1r5NINEl0=
github.com/tendermint/tendermint v0.25.0 h1:addKuzem/QXnCpQtCLmgxgDP4Kba67HglB6Y3y2mmG0=
github.com/tendermint/tendermint v0.25.0/go.mod h1:ymcPyWblXCplCPQjbOYbrF1fWnpslATMVqiGgWbZrlc=
golang.org/x/crypto v0.0.0-20181030102418-4d3f4d9ffa16 h1:y6ce7gCWtnH+m3dCjzQ1PCuwl28DDIc3VNnvY29DlIA=
golang.org/x/crypto v0.0.0-20181030102418-4d3f4d9ffa16/go.mod h1:6SG95UA2DQfeDnfUPMdvaQW0Q7yPrPDi9nlGo2tz2b4=
golang.org/x/net v0.0.0-20181011144130-49bb7cea24b1 h1:Y/KGZSOdz/2r0WJ9Mkmz6NJBusp0kiNx1Cn82lzJQ6w=
golang.org/x/net v0.0.0-20181011144130-49bb7cea24b1/go.mod h1:mL1N/T3taQHkDXs73rZJwtUhF3w3ftmwwsq0BUmARs4=
gopkg.in/resty.v1 v1.10.1 h1:8ES+C4z05zrZ/UNEu5YwU3MjpAQhOQCEXfCAuOcdVFo=
gopkg.in/resty.v1 v1.10.1/go.mod h1:nrgQYbPhkRfn2BfT32NNTLfq3K9NuHRB0MsAcA9weWY=
